
Microsoft Visual Studio Solution File, Format Version 12.00
# Visual Studio Version 16
VisualStudioVersion = 16.0.30011.22
MinimumVisualStudioVersion = 10.0.40219.1
Project("{8BC9CEB8-8B4A-11D0-8D11-00A0C91BC942}") = "TCPServer", "TCPServer\TCPServer.vcxproj", "{CD3701AF-2FF7-44B5-BC33-68A78007FDBE}"
EndProject
Global
	GlobalSection(SolutionConfigurationPlatforms) = preSolution
		Debug|x64 = Debug|x64
		Debug|x86 = Debug|x86
		Release|x64 = Release|x64
		Release|x86 = Release|x86
	EndGlobalSection
	GlobalSection(ProjectConfigurationPlatforms) = postSolution
		{CD3701AF-2FF7-44B5-BC33-68A78007FDBE}.Debug|x64.ActiveCfg = Debug|x64
		{CD3701AF-2FF7-44B5-BC33-68A78007FDBE}.Debug|x64.Build.0 = Debug|x64
		{CD3701AF-2FF7-44B5-BC33-68A78007FDBE}.Debug|x86.ActiveCfg = Debug|Win32
		{CD3701AF-2FF7-44B5-BC33-68A78007FDBE}.Debug|x86.Build.0 = Debug|Win32
		{CD3701AF-2FF7-44B5-BC33-68A78007FDBE}.Release|x64.ActiveCfg = Release|x64
		{CD3701AF-2FF7-44B5-BC33-68A78007FDBE}.Release|x64.Build.0 = Release|x64
		{CD3701AF-2FF7-44B5-BC33-68A78007FDBE}.Release|x86.ActiveCfg = Release|Win32
		{CD3701AF-2FF7-44B5-BC33-68A78007FDBE}.Release|x86.Build.0 = Release|Win32
	EndGlobalSection
	GlobalSection(SolutionProperties) = preSolution
		HideSolutionNode = FALSE
	EndGlobalSection
	GlobalSection(ExtensibilityGlobals) = postSolution
		SolutionGuid = {A827461A-7568-4926-A919-E527C2BEA9EE}
	EndGlobalSection
EndGlobal
